
Microsoft Visual Studio Solution File, Format Version 12.00
# Visual Studio Version 17
VisualStudioVersion = 17.0.32014.148
MinimumVisualStudioVersion = 10.0.40219.1
Project("{2150E333-8FDC-42A3-9474-1A3956D46DE8}") = "Demos", "Demos", "{93E02290-32A2-4870-B835-D5BB4DFE4847}"
EndProject
Project("{8BC9CEB8-8B4A-11D0-8D11-00A0C91BC942}") = "Bitfields", "projects\Bitfields\Bitfields.vcxproj", "{2A0BFE80-582E-4446-80F2-567A3F7AB18A}"
EndProject
Project("{8BC9CEB8-8B4A-11D0-8D11-00A0C91BC942}") = "Commons", "projects\Commons\Commons.vcxitems", "{6CF7CE01-9242-411C-A07C-8339E15B5EE5}"
EndProject
Project("{8BC9CEB8-8B4A-11D0-8D11-00A0C91BC942}") = "SDLWindow", "projects\SDLWindow\SDLWindow.vcxproj", "{7CA6D760-E2E7-4F3A-8FA7-F1C07BB8EFDC}"
EndProject
Project("{8BC9CEB8-8B4A-11D0-8D11-00A0C91BC942}") = "SDLRenderer", "projects\SDLRenderer\SDLRenderer.vcxproj", "{C2FA17D5-30F3-4901-B3EF-7C71D4ED14AA}"
EndProject
Project("{8BC9CEB8-8B4A-11D0-8D11-00A0C91BC942}") = "SDLGLTriangle", "projects\SDLGLTriangle\SDLGLTriangle.vcxproj", "{072E3716-DAEE-475A-BD45-233182F19C02}"
EndProject
Global
	GlobalSection(SolutionConfigurationPlatforms) = preSolution
		Debug|x64 = Debug|x64
		Release|x64 = Release|x64
	EndGlobalSection
	GlobalSection(ProjectConfigurationPlatforms) = postSolution
		{2A0BFE80-582E-4446-80F2-567A3F7AB18A}.Debug|x64.ActiveCfg = Debug|x64
		{2A0BFE80-582E-4446-80F2-567A3F7AB18A}.Debug|x64.Build.0 = Debug|x64
		{2A0BFE80-582E-4446-80F2-567A3F7AB18A}.Release|x64.ActiveCfg = Release|x64
		{2A0BFE80-582E-4446-80F2-567A3F7AB18A}.Release|x64.Build.0 = Release|x64
		{7CA6D760-E2E7-4F3A-8FA7-F1C07BB8EFDC}.Debug|x64.ActiveCfg = Debug|x64
		{7CA6D760-E2E7-4F3A-8FA7-F1C07BB8EFDC}.Debug|x64.Build.0 = Debug|x64
		{7CA6D760-E2E7-4F3A-8FA7-F1C07BB8EFDC}.Release|x64.ActiveCfg = Release|x64
		{7CA6D760-E2E7-4F3A-8FA7-F1C07BB8EFDC}.Release|x64.Build.0 = Release|x64
		{C2FA17D5-30F3-4901-B3EF-7C71D4ED14AA}.Debug|x64.ActiveCfg = Debug|x64
		{C2FA17D5-30F3-4901-B3EF-7C71D4ED14AA}.Debug|x64.Build.0 = Debug|x64
		{C2FA17D5-30F3-4901-B3EF-7C71D4ED14AA}.Release|x64.ActiveCfg = Release|x64
		{C2FA17D5-30F3-4901-B3EF-7C71D4ED14AA}.Release|x64.Build.0 = Release|x64
		{072E3716-DAEE-475A-BD45-233182F19C02}.Debug|x64.ActiveCfg = Debug|x64
		{072E3716-DAEE-475A-BD45-233182F19C02}.Debug|x64.Build.0 = Debug|x64
		{072E3716-DAEE-475A-BD45-233182F19C02}.Release|x64.ActiveCfg = Release|x64
		{072E3716-DAEE-475A-BD45-233182F19C02}.Release|x64.Build.0 = Release|x64
	EndGlobalSection
	GlobalSection(SolutionProperties) = preSolution
		HideSolutionNode = FALSE
	EndGlobalSection
	GlobalSection(NestedProjects) = preSolution
		{2A0BFE80-582E-4446-80F2-567A3F7AB18A} = {93E02290-32A2-4870-B835-D5BB4DFE4847}
		{6CF7CE01-9242-411C-A07C-8339E15B5EE5} = {93E02290-32A2-4870-B835-D5BB4DFE4847}
		{7CA6D760-E2E7-4F3A-8FA7-F1C07BB8EFDC} = {93E02290-32A2-4870-B835-D5BB4DFE4847}
		{C2FA17D5-30F3-4901-B3EF-7C71D4ED14AA} = {93E02290-32A2-4870-B835-D5BB4DFE4847}
		{072E3716-DAEE-475A-BD45-233182F19C02} = {93E02290-32A2-4870-B835-D5BB4DFE4847}
	EndGlobalSection
	GlobalSection(ExtensibilityGlobals) = postSolution
		SolutionGuid = {6325B827-686E-4127-9DE9-8C11C01FA61C}
	EndGlobalSection
	GlobalSection(SharedMSBuildProjectFiles) = preSolution
		projects\Commons\Commons.vcxitems*{6cf7ce01-9242-411c-a07c-8339e15b5ee5}*SharedItemsImports = 9
		projects\Commons\Commons.vcxitems*{7ca6d760-e2e7-4f3a-8fa7-f1c07bb8efdc}*SharedItemsImports = 4
		projects\Commons\Commons.vcxitems*{c2fa17d5-30f3-4901-b3ef-7c71d4ed14aa}*SharedItemsImports = 4
	EndGlobalSection
EndGlobal
